
Microsoft Visual Studio Solution File, Format Version 12.00
# Visual Studio 15
VisualStudioVersion = 15.0.28307.705
MinimumVisualStudioVersion = 10.0.40219.1
Project("{8BC9CEB8-8B4A-11D0-8D11-00A0C91BC942}") = "Level1_Exercise_9", "Level1_Exercise_9\Level1_Exercise_9.vcxproj", "{F646276C-DD56-42DE-90E8-3B2517B9C240}"
EndProject
Global
	GlobalSection(SolutionConfigurationPlatforms) = preSolution
		Debug|x64 = Debug|x64
		Debug|x86 = Debug|x86
		Release|x64 = Release|x64
		Release|x86 = Release|x86
	EndGlobalSection
	GlobalSection(ProjectConfigurationPlatforms) = postSolution
		{F646276C-DD56-42DE-90E8-3B2517B9C240}.Debug|x64.ActiveCfg = Debug|x64
		{F646276C-DD56-42DE-90E8-3B2517B9C240}.Debug|x64.Build.0 = Debug|x64
		{F646276C-DD56-42DE-90E8-3B2517B9C240}.Debug|x86.ActiveCfg = Debug|Win32
		{F646276C-DD56-42DE-90E8-3B2517B9C240}.Debug|x86.Build.0 = Debug|Win32
		{F646276C-DD56-42DE-90E8-3B2517B9C240}.Release|x64.ActiveCfg = Release|x64
		{F646276C-DD56-42DE-90E8-3B2517B9C240}.Release|x64.Build.0 = Release|x64
		{F646276C-DD56-42DE-90E8-3B2517B9C240}.Release|x86.ActiveCfg = Release|Win32
		{F646276C-DD56-42DE-90E8-3B2517B9C240}.Release|x86.Build.0 = Release|Win32
	EndGlobalSection
	GlobalSection(SolutionProperties) = preSolution
		HideSolutionNode = FALSE
	EndGlobalSection
	GlobalSection(ExtensibilityGlobals) = postSolution
		SolutionGuid = {13608BB9-3F17-4235-A762-0F46A322942F}
	EndGlobalSection
EndGlobal
