
Microsoft Visual Studio Solution File, Format Version 12.00
# Visual Studio 15
VisualStudioVersion = 15.0.28307.705
MinimumVisualStudioVersion = 10.0.40219.1
Project("{8BC9CEB8-8B4A-11D0-8D11-00A0C91BC942}") = "Level2_Exercise6", "Level2_Exercise6\Level2_Exercise6.vcxproj", "{04C3EB2B-6852-4F01-87F6-7F64E264D833}"
EndProject
Global
	GlobalSection(SolutionConfigurationPlatforms) = preSolution
		Debug|x64 = Debug|x64
		Debug|x86 = Debug|x86
		Release|x64 = Release|x64
		Release|x86 = Release|x86
	EndGlobalSection
	GlobalSection(ProjectConfigurationPlatforms) = postSolution
		{04C3EB2B-6852-4F01-87F6-7F64E264D833}.Debug|x64.ActiveCfg = Debug|x64
		{04C3EB2B-6852-4F01-87F6-7F64E264D833}.Debug|x64.Build.0 = Debug|x64
		{04C3EB2B-6852-4F01-87F6-7F64E264D833}.Debug|x86.ActiveCfg = Debug|Win32
		{04C3EB2B-6852-4F01-87F6-7F64E264D833}.Debug|x86.Build.0 = Debug|Win32
		{04C3EB2B-6852-4F01-87F6-7F64E264D833}.Release|x64.ActiveCfg = Release|x64
		{04C3EB2B-6852-4F01-87F6-7F64E264D833}.Release|x64.Build.0 = Release|x64
		{04C3EB2B-6852-4F01-87F6-7F64E264D833}.Release|x86.ActiveCfg = Release|Win32
		{04C3EB2B-6852-4F01-87F6-7F64E264D833}.Release|x86.Build.0 = Release|Win32
	EndGlobalSection
	GlobalSection(SolutionProperties) = preSolution
		HideSolutionNode = FALSE
	EndGlobalSection
	GlobalSection(ExtensibilityGlobals) = postSolution
		SolutionGuid = {2E4DC01A-2917-4A08-8AB1-BD4FA98059C2}
	EndGlobalSection
EndGlobal
