
Microsoft Visual Studio Solution File, Format Version 12.00
# Visual Studio 15
VisualStudioVersion = 15.0.28307.705
MinimumVisualStudioVersion = 10.0.40219.1
Project("{8BC9CEB8-8B4A-11D0-8D11-00A0C91BC942}") = "Level1_Exercise26", "Level1_Exercise26\Level1_Exercise26.vcxproj", "{0955F8D1-DB5B-4C77-979A-C82813CE4CD3}"
EndProject
Global
	GlobalSection(SolutionConfigurationPlatforms) = preSolution
		Debug|x64 = Debug|x64
		Debug|x86 = Debug|x86
		Release|x64 = Release|x64
		Release|x86 = Release|x86
	EndGlobalSection
	GlobalSection(ProjectConfigurationPlatforms) = postSolution
		{0955F8D1-DB5B-4C77-979A-C82813CE4CD3}.Debug|x64.ActiveCfg = Debug|x64
		{0955F8D1-DB5B-4C77-979A-C82813CE4CD3}.Debug|x64.Build.0 = Debug|x64
		{0955F8D1-DB5B-4C77-979A-C82813CE4CD3}.Debug|x86.ActiveCfg = Debug|Win32
		{0955F8D1-DB5B-4C77-979A-C82813CE4CD3}.Debug|x86.Build.0 = Debug|Win32
		{0955F8D1-DB5B-4C77-979A-C82813CE4CD3}.Release|x64.ActiveCfg = Release|x64
		{0955F8D1-DB5B-4C77-979A-C82813CE4CD3}.Release|x64.Build.0 = Release|x64
		{0955F8D1-DB5B-4C77-979A-C82813CE4CD3}.Release|x86.ActiveCfg = Release|Win32
		{0955F8D1-DB5B-4C77-979A-C82813CE4CD3}.Release|x86.Build.0 = Release|Win32
	EndGlobalSection
	GlobalSection(SolutionProperties) = preSolution
		HideSolutionNode = FALSE
	EndGlobalSection
	GlobalSection(ExtensibilityGlobals) = postSolution
		SolutionGuid = {2F2949A2-98B6-4DB8-A2C5-4E22B1AD8EF1}
	EndGlobalSection
EndGlobal
