
Microsoft Visual Studio Solution File, Format Version 12.00
# Visual Studio 15
VisualStudioVersion = 15.0.28307.705
MinimumVisualStudioVersion = 10.0.40219.1
Project("{8BC9CEB8-8B4A-11D0-8D11-00A0C91BC942}") = "Level2_Exercise18", "Level2_Exercise18\Level2_Exercise18.vcxproj", "{04EA1165-BBD7-4EB7-9A7C-0024B183E8AE}"
EndProject
Global
	GlobalSection(SolutionConfigurationPlatforms) = preSolution
		Debug|x64 = Debug|x64
		Debug|x86 = Debug|x86
		Release|x64 = Release|x64
		Release|x86 = Release|x86
	EndGlobalSection
	GlobalSection(ProjectConfigurationPlatforms) = postSolution
		{04EA1165-BBD7-4EB7-9A7C-0024B183E8AE}.Debug|x64.ActiveCfg = Debug|x64
		{04EA1165-BBD7-4EB7-9A7C-0024B183E8AE}.Debug|x64.Build.0 = Debug|x64
		{04EA1165-BBD7-4EB7-9A7C-0024B183E8AE}.Debug|x86.ActiveCfg = Debug|Win32
		{04EA1165-BBD7-4EB7-9A7C-0024B183E8AE}.Debug|x86.Build.0 = Debug|Win32
		{04EA1165-BBD7-4EB7-9A7C-0024B183E8AE}.Release|x64.ActiveCfg = Release|x64
		{04EA1165-BBD7-4EB7-9A7C-0024B183E8AE}.Release|x64.Build.0 = Release|x64
		{04EA1165-BBD7-4EB7-9A7C-0024B183E8AE}.Release|x86.ActiveCfg = Release|Win32
		{04EA1165-BBD7-4EB7-9A7C-0024B183E8AE}.Release|x86.Build.0 = Release|Win32
	EndGlobalSection
	GlobalSection(SolutionProperties) = preSolution
		HideSolutionNode = FALSE
	EndGlobalSection
	GlobalSection(ExtensibilityGlobals) = postSolution
		SolutionGuid = {B3AB6B42-5592-497E-8954-6F8F2C7057E4}
	EndGlobalSection
EndGlobal
