
Microsoft Visual Studio Solution File, Format Version 12.00
# Visual Studio 15
VisualStudioVersion = 15.0.28307.705
MinimumVisualStudioVersion = 10.0.40219.1
Project("{8BC9CEB8-8B4A-11D0-8D11-00A0C91BC942}") = "Level_Exercise17", "Level_Exercise17\Level_Exercise17.vcxproj", "{8FBE029C-BBC8-4E9E-AE44-06F9583875A6}"
EndProject
Global
	GlobalSection(SolutionConfigurationPlatforms) = preSolution
		Debug|x64 = Debug|x64
		Debug|x86 = Debug|x86
		Release|x64 = Release|x64
		Release|x86 = Release|x86
	EndGlobalSection
	GlobalSection(ProjectConfigurationPlatforms) = postSolution
		{8FBE029C-BBC8-4E9E-AE44-06F9583875A6}.Debug|x64.ActiveCfg = Debug|x64
		{8FBE029C-BBC8-4E9E-AE44-06F9583875A6}.Debug|x64.Build.0 = Debug|x64
		{8FBE029C-BBC8-4E9E-AE44-06F9583875A6}.Debug|x86.ActiveCfg = Debug|Win32
		{8FBE029C-BBC8-4E9E-AE44-06F9583875A6}.Debug|x86.Build.0 = Debug|Win32
		{8FBE029C-BBC8-4E9E-AE44-06F9583875A6}.Release|x64.ActiveCfg = Release|x64
		{8FBE029C-BBC8-4E9E-AE44-06F9583875A6}.Release|x64.Build.0 = Release|x64
		{8FBE029C-BBC8-4E9E-AE44-06F9583875A6}.Release|x86.ActiveCfg = Release|Win32
		{8FBE029C-BBC8-4E9E-AE44-06F9583875A6}.Release|x86.Build.0 = Release|Win32
	EndGlobalSection
	GlobalSection(SolutionProperties) = preSolution
		HideSolutionNode = FALSE
	EndGlobalSection
	GlobalSection(ExtensibilityGlobals) = postSolution
		SolutionGuid = {02E2A492-2512-4A4A-BA30-D5A67BF7F460}
	EndGlobalSection
EndGlobal
