
Microsoft Visual Studio Solution File, Format Version 12.00
# Visual Studio 15
VisualStudioVersion = 15.0.28307.705
MinimumVisualStudioVersion = 10.0.40219.1
Project("{8BC9CEB8-8B4A-11D0-8D11-00A0C91BC942}") = "Level2_Exercise3", "Level2_Exercise3\Level2_Exercise3.vcxproj", "{589BB231-7F1D-49FB-B41F-1910DAC4D054}"
EndProject
Global
	GlobalSection(SolutionConfigurationPlatforms) = preSolution
		Debug|x64 = Debug|x64
		Debug|x86 = Debug|x86
		Release|x64 = Release|x64
		Release|x86 = Release|x86
	EndGlobalSection
	GlobalSection(ProjectConfigurationPlatforms) = postSolution
		{589BB231-7F1D-49FB-B41F-1910DAC4D054}.Debug|x64.ActiveCfg = Debug|x64
		{589BB231-7F1D-49FB-B41F-1910DAC4D054}.Debug|x64.Build.0 = Debug|x64
		{589BB231-7F1D-49FB-B41F-1910DAC4D054}.Debug|x86.ActiveCfg = Debug|Win32
		{589BB231-7F1D-49FB-B41F-1910DAC4D054}.Debug|x86.Build.0 = Debug|Win32
		{589BB231-7F1D-49FB-B41F-1910DAC4D054}.Release|x64.ActiveCfg = Release|x64
		{589BB231-7F1D-49FB-B41F-1910DAC4D054}.Release|x64.Build.0 = Release|x64
		{589BB231-7F1D-49FB-B41F-1910DAC4D054}.Release|x86.ActiveCfg = Release|Win32
		{589BB231-7F1D-49FB-B41F-1910DAC4D054}.Release|x86.Build.0 = Release|Win32
	EndGlobalSection
	GlobalSection(SolutionProperties) = preSolution
		HideSolutionNode = FALSE
	EndGlobalSection
	GlobalSection(ExtensibilityGlobals) = postSolution
		SolutionGuid = {FE758961-14EA-4C58-A223-3FC4E343A5E3}
	EndGlobalSection
EndGlobal
