
Microsoft Visual Studio Solution File, Format Version 12.00
# Visual Studio 15
VisualStudioVersion = 15.0.28307.705
MinimumVisualStudioVersion = 10.0.40219.1
Project("{8BC9CEB8-8B4A-11D0-8D11-00A0C91BC942}") = "Level2_Exercise20", "Level2_Exercise20\Level2_Exercise20.vcxproj", "{F7D10BD9-41DC-4026-992A-1DE92CE3017B}"
EndProject
Global
	GlobalSection(SolutionConfigurationPlatforms) = preSolution
		Debug|x64 = Debug|x64
		Debug|x86 = Debug|x86
		Release|x64 = Release|x64
		Release|x86 = Release|x86
	EndGlobalSection
	GlobalSection(ProjectConfigurationPlatforms) = postSolution
		{F7D10BD9-41DC-4026-992A-1DE92CE3017B}.Debug|x64.ActiveCfg = Debug|x64
		{F7D10BD9-41DC-4026-992A-1DE92CE3017B}.Debug|x64.Build.0 = Debug|x64
		{F7D10BD9-41DC-4026-992A-1DE92CE3017B}.Debug|x86.ActiveCfg = Debug|Win32
		{F7D10BD9-41DC-4026-992A-1DE92CE3017B}.Debug|x86.Build.0 = Debug|Win32
		{F7D10BD9-41DC-4026-992A-1DE92CE3017B}.Release|x64.ActiveCfg = Release|x64
		{F7D10BD9-41DC-4026-992A-1DE92CE3017B}.Release|x64.Build.0 = Release|x64
		{F7D10BD9-41DC-4026-992A-1DE92CE3017B}.Release|x86.ActiveCfg = Release|Win32
		{F7D10BD9-41DC-4026-992A-1DE92CE3017B}.Release|x86.Build.0 = Release|Win32
	EndGlobalSection
	GlobalSection(SolutionProperties) = preSolution
		HideSolutionNode = FALSE
	EndGlobalSection
	GlobalSection(ExtensibilityGlobals) = postSolution
		SolutionGuid = {9E9315D4-981D-4452-BC2E-3B29D3B29320}
	EndGlobalSection
EndGlobal
