
Microsoft Visual Studio Solution File, Format Version 12.00
# Visual Studio 15
VisualStudioVersion = 15.0.28307.705
MinimumVisualStudioVersion = 10.0.40219.1
Project("{8BC9CEB8-8B4A-11D0-8D11-00A0C91BC942}") = "Level1_Exercise31", "Level1_Exercise31\Level1_Exercise31.vcxproj", "{326917FC-9E58-4243-9A28-E2E392D738AA}"
EndProject
Global
	GlobalSection(SolutionConfigurationPlatforms) = preSolution
		Debug|x64 = Debug|x64
		Debug|x86 = Debug|x86
		Release|x64 = Release|x64
		Release|x86 = Release|x86
	EndGlobalSection
	GlobalSection(ProjectConfigurationPlatforms) = postSolution
		{326917FC-9E58-4243-9A28-E2E392D738AA}.Debug|x64.ActiveCfg = Debug|x64
		{326917FC-9E58-4243-9A28-E2E392D738AA}.Debug|x64.Build.0 = Debug|x64
		{326917FC-9E58-4243-9A28-E2E392D738AA}.Debug|x86.ActiveCfg = Debug|Win32
		{326917FC-9E58-4243-9A28-E2E392D738AA}.Debug|x86.Build.0 = Debug|Win32
		{326917FC-9E58-4243-9A28-E2E392D738AA}.Release|x64.ActiveCfg = Release|x64
		{326917FC-9E58-4243-9A28-E2E392D738AA}.Release|x64.Build.0 = Release|x64
		{326917FC-9E58-4243-9A28-E2E392D738AA}.Release|x86.ActiveCfg = Release|Win32
		{326917FC-9E58-4243-9A28-E2E392D738AA}.Release|x86.Build.0 = Release|Win32
	EndGlobalSection
	GlobalSection(SolutionProperties) = preSolution
		HideSolutionNode = FALSE
	EndGlobalSection
	GlobalSection(ExtensibilityGlobals) = postSolution
		SolutionGuid = {6B45B8DA-4AC5-4D34-B383-07B8D5D1B4F8}
	EndGlobalSection
EndGlobal
